
Microsoft Visual Studio Solution File, Format Version 12.00
Project("{FAE04EC0-301F-11D3-BF4B-00C04F79EFBC}") = "GymManager", "GymManager\GymManager.csproj", "{455CA0D6-A998-4A95-8DB6-67854AF957CB}"
EndProject
Global
	GlobalSection(SolutionConfigurationPlatforms) = preSolution
		Debug|Any CPU = Debug|Any CPU
		Release|Any CPU = Release|Any CPU
	EndGlobalSection
	GlobalSection(ProjectConfigurationPlatforms) = postSolution
		{455CA0D6-A998-4A95-8DB6-67854AF957CB}.Debug|Any CPU.ActiveCfg = Debug|Any CPU
		{455CA0D6-A998-4A95-8DB6-67854AF957CB}.Debug|Any CPU.Build.0 = Debug|Any CPU
		{455CA0D6-A998-4A95-8DB6-67854AF957CB}.Release|Any CPU.ActiveCfg = Release|Any CPU
		{455CA0D6-A998-4A95-8DB6-67854AF957CB}.Release|Any CPU.Build.0 = Release|Any CPU
	EndGlobalSection
EndGlobal
